{
  "name": "aeon",
  "version": "0.0.1",
  "lockfileVersion": 1,
  "requires": true,
  "dependencies": {
    "@ionic/core": {
      "version": "5.0.5",
      "resolved": "https://registry.npmjs.org/@ionic/core/-/core-5.0.5.tgz",
      "integrity": "sha512-k0O5V/3sFB55E+hKSqio1iDfwibZdlI97PuaI4PcGQDytzUCyGTlGAZn6iLi82NZqBRWWLOpwy+8N/cySiTWKg==",
      "dev": true,
      "requires": {
        "ionicons": "^5.0.1",
        "tslib": "^1.10.0"
      }
    },
    "@stencil/core": {
      "version": "2.9.0",
      "resolved": "https://registry.npmjs.org/@stencil/core/-/core-2.9.0.tgz",
      "integrity": "sha512-kY3xYolZoJO1MKslL0NQccHy72R3TIl1prHgfmIrEoGcnMgc6uiskdWaGMuI5/sCGz9T+QuTVz76B1H2ySyBZg==",
      "dev": true
    },
    "ionicons": {
      "version": "5.0.1",
      "resolved": "https://registry.npmjs.org/ionicons/-/ionicons-5.0.1.tgz",
      "integrity": "sha512-P9GHr7pgCJcG211W0wute49NZ9AvJZvFJf4OwYybakjX6j7tu0q5t5HNWn9bcb9YjI7SxBblJg8iqQ1Yb59DXw==",
      "dev": true
    },
    "tslib": {
      "version": "1.11.1",
      "resolved": "https://registry.npmjs.org/tslib/-/tslib-1.11.1.tgz",
      "integrity": "sha512-aZW88SY8kQbU7gpV19lN24LtXh/yD4ZZg6qieAJDDg+YBsJcSmLGK9QpnUjAKVG/xefmvJGd1WUmfpT/g6AJGA==",
      "dev": true
    }
  }
}
